
Microsoft Visual Studio Solution File, Format Version 12.00
Project("{FAE04EC0-301F-11D3-BF4B-00C04F79EFBC}") = "SignalFlow-Backend", "SignalFlow-Backend.csproj", "{DCCC08E1-531A-42B4-8535-E038D089FB3E}"
EndProject
Project("{2150E333-8FDC-42A3-9474-1A3956D46DE8}") = "Solution Items", "Solution Items", "{A50ADB4F-0A63-4FB9-8720-97D1F32AAD10}"
	ProjectSection(SolutionItems) = preProject
		compose.yaml = compose.yaml
	EndProjectSection
EndProject
Global
	GlobalSection(SolutionConfigurationPlatforms) = preSolution
		Debug|Any CPU = Debug|Any CPU
		Release|Any CPU = Release|Any CPU
	EndGlobalSection
	GlobalSection(ProjectConfigurationPlatforms) = postSolution
		{DCCC08E1-531A-42B4-8535-E038D089FB3E}.Debug|Any CPU.ActiveCfg = Debug|Any CPU
		{DCCC08E1-531A-42B4-8535-E038D089FB3E}.Debug|Any CPU.Build.0 = Debug|Any CPU
		{DCCC08E1-531A-42B4-8535-E038D089FB3E}.Release|Any CPU.ActiveCfg = Release|Any CPU
		{DCCC08E1-531A-42B4-8535-E038D089FB3E}.Release|Any CPU.Build.0 = Release|Any CPU
	EndGlobalSection
EndGlobal
